// !$*UTF8*$!
{
	archiveVersion = 1;
	classes = {
	};
	objectVersion = 50;
	objects = {

/* Begin PBXBuildFile section */
		61FC3DA420C70A7D000E16F4 /* AppDelegate.swift in Sources */ = {isa = PBXBuildFile; fileRef = 61FC3DA320C70A7D000E16F4 /* AppDelegate.swift */; };
		61FC3DA620C70A7D000E16F4 /* ViewController.swift in Sources */ = {isa = PBXBuildFile; fileRef = 61FC3DA520C70A7D000E16F4 /* ViewController.swift */; };
		61FC3DA920C70A7D000E16F4 /* Main.storyboard in Resources */ = {isa = PBXBuildFile; fileRef = 61FC3DA720C70A7D000E16F4 /* Main.storyboard */; };
		61FC3DAB20C70A7E000E16F4 /* Assets.xcassets in Resources */ = {isa = PBXBuildFile; fileRef = 61FC3DAA20C70A7E000E16F4 /* Assets.xcassets */; };
		61FC3DAE20C70A7E000E16F4 /* LaunchScreen.storyboard in Resources */ = {isa = PBXBuildFile; fileRef = 61FC3DAC20C70A7E000E16F4 /* LaunchScreen.storyboard */; };
/* End PBXBuildFile section */

/* Begin PBXFileReference section */
		61FC3DA020C70A7D000E16F4 /* tablview.app */ = {isa = PBXFileReference; explicitFileType = wrapper.application; includeInIndex = 0; path = tablview.app; sourceTree = BUILT_PRODUCTS_DIR; };
		61FC3DA320C70A7D000E16F4 /* AppDelegate.swift */ = {isa = PBXFileReference; lastKnownFileType = sourcecode.swift; path = AppDelegate.swift; sourceTree = "<group>"; };
		61FC3DA520C70A7D000E16F4 /* ViewController.swift */ = {isa = PBXFileReference; lastKnownFileType = sourcecode.swift; path = ViewController.swift; sourceTree = "<group>"; };
		61FC3DA820C70A7D000E16F4 /* Base */ = {isa = PBXFileReference; lastKnownFileType = file.storyboard; name = Base; path = Base.lproj/Main.storyboard; sourceTree = "<group>"; };
		61FC3DAA20C70A7E000E16F4 /* Assets.xcassets */ = {isa = PBXFileReference; lastKnownFileType = folder.assetcatalog; path = Assets.xcassets; sourceTree = "<group>"; };
		61FC3DAD20C70A7E000E16F4 /* Base */ = {isa = PBXFileReference; lastKnownFileType = file.storyboard; name = Base; path = Base.lproj/LaunchScreen.storyboard; sourceTree = "<group>"; };
		61FC3DAF20C70A7E000E16F4 /* Info.plist */ = {isa = PBXFileReference; lastKnownFileType = text.plist.xml; path = Info.plist; sourceTree = "<group>"; };
/* End PBXFileReference section */

/* Begin PBXFrameworksBuildPhase section */
		61FC3D9D20C70A7D000E16F4 /* Frameworks */ = {
			isa = PBXFrameworksBuildPhase;
			buildActionMask = 2147483647;
			files = (
			);
			runOnlyForDeploymentPostprocessing = 0;
		};
/* End PBXFrameworksBuildPhase section */

/* Begin PBXGroup section */
		61FC3D9720C70A7D000E16F4 = {
			isa = PBXGroup;
			children = (
				61FC3DA220C70A7D000E16F4 /* tablview */,
				61FC3DA120C70A7D000E16F4 /* Products */,
			);
			sourceTree = "<group>";
		};
		61FC3DA120C70A7D000E16F4 /* Products */ = {
			isa = PBXGroup;
			children = (
				61FC3DA020C70A7D000E16F4 /* tablview.app */,
			);
			name = Products;
			sourceTree = "<group>";
		};
		61FC3DA220C70A7D000E16F4 /* tablview */ = {
			isa = PBXGroup;
			children = (
				61FC3DA320C70A7D000E16F4 /* AppDelegate.swift */,
				61FC3DA520C70A7D000E16F4 /* ViewController.swift */,
				61FC3DA720C70A7D000E16F4 /* Main.storyboard */,
				61FC3DAA20C70A7E000E16F4 /* Assets.xcassets */,
				61FC3DAC20C70A7E000E16F4 /* LaunchScreen.storyboard */,
				61FC3DAF20C70A7E000E16F4 /* Info.plist */,
			);
			path = tablview;
			sourceTree = "<group>";
		};
/* End PBXGroup section */

/* Begin PBXNativeTarget section */
		61FC3D9F20C70A7D000E16F4 /* tablview */ = {
			isa = PBXNativeTarget;
			buildConfigurationList = 61FC3DB220C70A7E000E16F4 /* Build configuration list for PBXNativeTarget "tablview" */;
			buildPhases = (
				61FC3D9C20C70A7D000E16F4 /* Sources */,
				61FC3D9D20C70A7D000E16F4 /* Frameworks */,
				61FC3D9E20C70A7D000E16F4 /* Resources */,
			);
			buildRules = (
			);
			dependencies = (
			);
			name = tablview;
			productName = tablview;
			productReference = 61FC3DA020C70A7D000E16F4 /* tablview.app */;
			productType = "com.apple.product-type.application";
		};
/* End PBXNativeTarget section */

/* Begin PBXProject section */
		61FC3D9820C70A7D000E16F4 /* Project object */ = {
			isa = PBXProject;
			attributes = {
				LastSwiftUpdateCheck = 0930;
				LastUpgradeCheck = 0930;
				ORGANIZATIONNAME = "Aqeel Ahmad";
				TargetAttributes = {
					61FC3D9F20C70A7D000E16F4 = {
						CreatedOnToolsVersion = 9.3;
					};
				};
			};
			buildConfigurationList = 61FC3D9B20C70A7D000E16F4 /* Build configuration list for PBXProject "tablview" */;
			compatibilityVersion = "Xcode 9.3";
			developmentRegion = en;
			hasScannedForEncodings = 0;
			knownRegions = (
				en,
				Base,
			);
			mainGroup = 61FC3D9720C70A7D000E16F4;
			productRefGroup = 61FC3DA120C70A7D000E16F4 /* Products */;
			projectDirPath = "";
			projectRoot = "";
			targets = (
				61FC3D9F20C70A7D000E16F4 /* tablview */,
			);
		};
/* End PBXProject section */

/* Begin PBXResourcesBuildPhase section */
		61FC3D9E20C70A7D000E16F4 /* Resources */ = {
			isa = PBXResourcesBuildPhase;
			buildActionMask = 2147483647;
			files = (
				61FC3DAE20C70A7E000E16F4 /* LaunchScreen.storyboard in Resources */,
				61FC3DAB20C70A7E000E16F4 /* Assets.xcassets in Resources */,
				61FC3DA920C70A7D000E16F4 /* Main.storyboard in Resources */,
			);
			runOnlyForDeploymentPostprocessing = 0;
		};
/* End PBXResourcesBuildPhase section */

/* Begin PBXSourcesBuildPhase section */
		61FC3D9C20C70A7D000E16F4 /* Sources */ = {
			isa = PBXSourcesBuildPhase;
			buildActionMask = 2147483647;
			files = (
				61FC3DA620C70A7D000E16F4 /* ViewController.swift in Sources */,
				61FC3DA420C70A7D000E16F4 /* AppDelegate.swift in Sources */,
			);
			runOnlyForDeploymentPostprocessing = 0;
		};
/* End PBXSourcesBuildPhase section */

/* Begin PBXVariantGroup section */
		61FC3DA720C70A7D000E16F4 /* Main.storyboard */ = {
			isa = PBXVariantGroup;
			children = (
				61FC3DA820C70A7D000E16F4 /* Base */,
			);
			name = Main.storyboard;
			sourceTree = "<group>";
		};
		61FC3DAC20C70A7E000E16F4 /* LaunchScreen.storyboard */ = {
			isa = PBXVariantGroup;
			children = (
				61FC3DAD20C70A7E000E16F4 /* Base */,
			);
			name = LaunchScreen.storyboard;
			sourceTree = "<group>";
		};
/* End PBXVariantGroup section */

/* Begin XCBuildConfiguration section */
		61FC3DB020C70A7E000E16F4 /* Debug */ = {
			isa = XCBuildConfiguration;
			buildSettings = {
				ALWAYS_SEARCH_USER_PATHS = NO;
				CLANG_ANALYZER_NONNULL = YES;
				CLANG_ANALYZER_NUMBER_OBJECT_CONVERSION = YES_AGGRESSIVE;
				CLANG_CXX_LANGUAGE_STANDARD = "gnu++14";
				CLANG_CXX_LIBRARY = "libc++";
				CLANG_ENABLE_MODULES = YES;
				CLANG_ENABLE_OBJC_ARC = YES;
				CLANG_ENABLE_OBJC_WEAK = YES;
				CLANG_WARN_BLOCK_CAPTURE_AUTORELEASING = YES;
				CLANG_WARN_BOOL_CONVERSION = YES;
				CLANG_WARN_COMMA = YES;
				CLANG_WARN_CONSTANT_CONVERSION = YES;
				CLANG_WARN_DEPRECATED_OBJC_IMPLEMENTATIONS = YES;
				CLANG_WARN_DIRECT_OBJC_ISA_USAGE = YES_ERROR;
				CLANG_WARN_DOCUMENTATION_COMMENTS = YES;
				CLANG_WARN_EMPTY_BODY = YES;
				CLANG_WARN_ENUM_CONVERSION = YES;
				CLANG_WARN_INFINITE_RECURSION = YES;
				CLANG_WARN_INT_CONVERSION = YES;
				CLANG_WARN_NON_LITERAL_NULL_CONVERSION = YES;
				CLANG_WARN_OBJC_IMPLICIT_RETAIN_SELF = YES;
				CLANG_WARN_OBJC_LITERAL_CONVERSION = YES;
				CLANG_WARN_OBJC_ROOT_CLASS = YES_ERROR;
				CLANG_WARN_RANGE_LOOP_ANALYSIS = YES;
				CLANG_WARN_STRICT_PROTOTYPES = YES;
				CLANG_WARN_SUSPICIOUS_MOVE = YES;
				CLANG_WARN_UNGUARDED_AVAILABILITY = YES_AGGRESSIVE;
				CLANG_WARN_UNREACHABLE_CODE = YES;
				CLANG_WARN__DUPLICATE_METHOD_MATCH = YES;
				CODE_SIGN_IDENTITY = "iPhone Developer";
				COPY_PHASE_STRIP = NO;
				DEBUG_INFORMATION_FORMAT = dwarf;
				ENABLE_STRICT_OBJC_MSGSEND = YES;
				ENABLE_TESTABILITY = YES;
				GCC_C_LANGUAGE_STANDARD = gnu11;
				GCC_DYNAMIC_NO_PIC = NO;
				GCC_NO_COMMON_BLOCKS = YES;
				GCC_OPTIMIZATION_LEVEL = 0;
				GCC_PREPROCESSOR_DEFINITIONS = (
					"DEBUG=1",
					"$(inherited)",
				);
				GCC_WARN_64_TO_32_BIT_CONVERSION = YES;
				GCC_WARN_ABOUT_RETURN_TYPE = YES_ERROR;
				GCC_WARN_UNDECLARED_SELECTOR = YES;
				GCC_WARN_UNINITIALIZED_AUTOS = YES_AGGRESSIVE;
				GCC_WARN_UNUSED_FUNCTION = YES;
				GCC_WARN_UNUSED_VARIABLE = YES;
				IPHONEOS_DEPLOYMENT_TARGET = 11.3;
				MTL_ENABLE_DEBUG_INFO = YES;
				ONLY_ACTIVE_ARCH = YES;
				SDKROOT = iphoneos;
				SWIFT_ACTIVE_COMPILATION_CONDITIONS = DEBUG;
				SWIFT_OPTIMIZATION_LEVEL = "-Onone";
			};
			name = Debug;
		};
		61FC3DB120C70A7E000E16F4 /* Release */ = {
			isa = XCBuildConfiguration;
			buildSettings = {
				ALWAYS_SEARCH_USER_PATHS = NO;
				CLANG_ANALYZER_NONNULL = YES;
				CLANG_ANALYZER_NUMBER_OBJECT_CONVERSION = YES_AGGRESSIVE;
				CLANG_CXX_LANGUAGE_STANDARD = "gnu++14";
				CLANG_CXX_LIBRARY = "libc++";
				CLANG_ENABLE_MODULES = YES;
				CLANG_ENABLE_OBJC_ARC = YES;
				CLANG_ENABLE_OBJC_WEAK = YES;
				CLANG_WARN_BLOCK_CAPTURE_AUTORELEASING = YES;
				CLANG_WARN_BOOL_CONVERSION = YES;
				CLANG_WARN_COMMA = YES;
				CLANG_WARN_CONSTANT_CONVERSION = YES;
				CLANG_WARN_DEPRECATED_OBJC_IMPLEMENTATIONS = YES;
				CLANG_WARN_DIRECT_OBJC_ISA_USAGE = YES_ERROR;
				CLANG_WARN_DOCUMENTATION_COMMENTS = YES;
				CLANG_WARN_EMPTY_BODY = YES;
				CLANG_WARN_ENUM_CONVERSION = YES;
				CLANG_WARN_INFINITE_RECURSION = YES;
				CLANG_WARN_INT_CONVERSION = YES;
				CLANG_WARN_NON_LITERAL_NULL_CONVERSION = YES;
				CLANG_WARN_OBJC_IMPLICIT_RETAIN_SELF = YES;
				CLANG_WARN_OBJC_LITERAL_CONVERSION = YES;
				CLANG_WARN_OBJC_ROOT_CLASS = YES_ERROR;
				CLANG_WARN_RANGE_LOOP_ANALYSIS = YES;
				CLANG_WARN_STRICT_PROTOTYPES = YES;
				CLANG_WARN_SUSPICIOUS_MOVE = YES;
				CLANG_WARN_UNGUARDED_AVAILABILITY = YES_AGGRESSIVE;
				CLANG_WARN_UNREACHABLE_CODE = YES;
				CLANG_WARN__DUPLICATE_METHOD_MATCH = YES;
				CODE_SIGN_IDENTITY = "iPhone Developer";
				COPY_PHASE_STRIP = NO;
				DEBUG_INFORMATION_FORMAT = "dwarf-with-dsym";
				ENABLE_NS_ASSERTIONS = NO;
				ENABLE_STRICT_OBJC_MSGSEND = YES;
				GCC_C_LANGUAGE_STANDARD = gnu11;
				GCC_NO_COMMON_BLOCKS = YES;
				GCC_WARN_64_TO_32_BIT_CONVERSION = YES;
				GCC_WARN_ABOUT_RETURN_TYPE = YES_ERROR;
				GCC_WARN_UNDECLARED_SELECTOR = YES;
				GCC_WARN_UNINITIALIZED_AUTOS = YES_AGGRESSIVE;
				GCC_WARN_UNUSED_FUNCTION = YES;
				GCC_WARN_UNUSED_VARIABLE = YES;
				IPHONEOS_DEPLOYMENT_TARGET = 11.3;
				MTL_ENABLE_DEBUG_INFO = NO;
				SDKROOT = iphoneos;
				SWIFT_COMPILATION_MODE = wholemodule;
				SWIFT_OPTIMIZATION_LEVEL = "-O";
				VALIDATE_PRODUCT = YES;
			};
			name = Release;
		};
		61FC3DB320C70A7E000E16F4 /* Debug */ = {
			isa = XCBuildConfiguration;
			buildSettings = {
				ASSETCATALOG_COMPILER_APPICON_NAME = AppIcon;
				CODE_SIGN_STYLE = Automatic;
				DEVELOPMENT_TEAM = 5BY9PCCN9Y;
				INFOPLIST_FILE = tablview/Info.plist;
				LD_RUNPATH_SEARCH_PATHS = (
					"$(inherited)",
					"@executable_path/Frameworks",
				);
				PRODUCT_BUNDLE_IDENTIFIER = com.tablview;
				PRODUCT_NAME = "$(TARGET_NAME)";
				SWIFT_VERSION = 4.0;
				TARGETED_DEVICE_FAMILY = "1,2";
			};
			name = Debug;
		};
		61FC3DB420C70A7E000E16F4 /* Release */ = {
			isa = XCBuildConfiguration;
			buildSettings = {
				ASSETCATALOG_COMPILER_APPICON_NAME = AppIcon;
				CODE_SIGN_STYLE = Automatic;
				DEVELOPMENT_TEAM = 5BY9PCCN9Y;
				INFOPLIST_FILE = tablview/Info.plist;
				LD_RUNPATH_SEARCH_PATHS = (
					"$(inherited)",
					"@executable_path/Frameworks",
				);
				PRODUCT_BUNDLE_IDENTIFIER = com.tablview;
				PRODUCT_NAME = "$(TARGET_NAME)";
				SWIFT_VERSION = 4.0;
				TARGETED_DEVICE_FAMILY = "1,2";
			};
			name = Release;
		};
/* End XCBuildConfiguration section */

/* Begin XCConfigurationList section */
		61FC3D9B20C70A7D000E16F4 /* Build configuration list for PBXProject "tablview" */ = {
			isa = XCConfigurationList;
			buildConfigurations = (
				61FC3DB020C70A7E000E16F4 /* Debug */,
				61FC3DB120C70A7E000E16F4 /* Release */,
			);
			defaultConfigurationIsVisible = 0;
			defaultConfigurationName = Release;
		};
		61FC3DB220C70A7E000E16F4 /* Build configuration list for PBXNativeTarget "tablview" */ = {
			isa = XCConfigurationList;
			buildConfigurations = (
				61FC3DB320C70A7E000E16F4 /* Debug */,
				61FC3DB420C70A7E000E16F4 /* Release */,
			);
			defaultConfigurationIsVisible = 0;
			defaultConfigurationName = Release;
		};
/* End XCConfigurationList section */
	};
	rootObject = 61FC3D9820C70A7D000E16F4 /* Project object */;
}
